{
  "name": "koa_test",
  "version": "1.0.0",
  "lockfileVersion": 1,
  "requires": true,
  "dependencies": {
    "any-promise": {
      "version": "1.3.0",
      "resolved": "http://registry.npm.taobao.org/any-promise/download/any-promise-1.3.0.tgz"
    },
    "bluebird": {
      "version": "3.5.2",
      "resolved": "http://registry.npm.taobao.org/bluebird/download/bluebird-3.5.2.tgz"
    },
    "cache-content-type": {
      "version": "1.0.1",
      "resolved": "http://registry.npm.taobao.org/cache-content-type/download/cache-content-type-1.0.1.tgz",
      "dependencies": {
        "mime-types": {
          "version": "http://registry.npm.taobao.org/mime-types/download/mime-types-2.1.19.tgz",
          "bundled": true,
          "dependencies": {
            "mime-db": {
              "version": "http://registry.npm.taobao.org/mime-db/download/mime-db-1.35.0.tgz"
            }
          }
        },
        "ylru": {
          "version": "http://registry.npm.taobao.org/ylru/download/ylru-1.2.1.tgz",
          "bundled": true
        }
      }
    },
    "co": {
      "version": "4.6.0",
      "resolved": "http://registry.npm.taobao.org/co/download/co-4.6.0.tgz"
    },
    "condense-newlines": {
      "version": "0.2.1",
      "resolved": "http://registry.npm.taobao.org/condense-newlines/download/condense-newlines-0.2.1.tgz",
      "requires": {
        "extend-shallow": "^2.0.1"
      },
      "dependencies": {
        "extend-shallow": {
          "version": "http://registry.npm.taobao.org/extend-shallow/download/extend-shallow-2.0.1.tgz",
          "bundled": true
        },
        "is-whitespace": {
          "version": "http://registry.npm.taobao.org/is-whitespace/download/is-whitespace-0.3.0.tgz",
          "bundled": true
        },
        "kind-of": {
          "version": "http://registry.npm.taobao.org/kind-of/download/kind-of-3.2.2.tgz",
          "bundled": true
        }
      }
    },
    "content-disposition": {
      "version": "0.5.2",
      "resolved": "http://registry.npm.taobao.org/content-disposition/download/content-disposition-0.5.2.tgz"
    },
    "content-type": {
      "version": "1.0.4",
      "resolved": "http://registry.npm.taobao.org/content-type/download/content-type-1.0.4.tgz"
    },
    "cookies": {
      "version": "0.7.1",
      "resolved": "http://registry.npm.taobao.org/cookies/download/cookies-0.7.1.tgz",
      "requires": {
        "depd": "~1.1.1"
      },
      "dependencies": {
        "depd": {
          "version": "http://registry.npm.taobao.org/depd/download/depd-1.1.2.tgz",
          "bundled": true
        },
        "keygrip": {
          "version": "http://registry.npm.taobao.org/keygrip/download/keygrip-1.0.2.tgz",
          "bundled": true
        }
      }
    },
    "debug": {
      "version": "3.1.0",
      "resolved": "http://registry.npm.taobao.org/debug/download/debug-3.1.0.tgz",
      "requires": {
        "ms": "2.0.0"
      },
      "dependencies": {
        "ms": {
          "version": "http://registry.npm.taobao.org/ms/download/ms-2.0.0.tgz"
        }
      }
    },
    "deep-equal": {
      "version": "1.0.1",
      "resolved": "http://registry.npm.taobao.org/deep-equal/download/deep-equal-1.0.1.tgz"
    },
    "depd": {
      "version": "1.1.2",
      "resolved": "http://registry.npm.taobao.org/depd/download/depd-1.1.2.tgz"
    },
    "destroy": {
      "version": "1.0.4",
      "resolved": "http://registry.npm.taobao.org/destroy/download/destroy-1.0.4.tgz"
    },
    "escape-html": {
      "version": "1.0.3",
      "resolved": "http://registry.npm.taobao.org/escape-html/download/escape-html-1.0.3.tgz"
    },
    "extend-shallow": {
      "version": "2.0.1",
      "resolved": "http://registry.npm.taobao.org/extend-shallow/download/extend-shallow-2.0.1.tgz",
      "dependencies": {
        "is-extendable": {
          "version": "http://registry.npm.taobao.org/is-extendable/download/is-extendable-0.1.1.tgz",
          "bundled": true
        }
      }
    },
    "fresh": {
      "version": "0.5.2",
      "resolved": "http://registry.npm.taobao.org/fresh/download/fresh-0.5.2.tgz"
    },
    "fs-extra": {
      "version": "4.0.3",
      "resolved": "http://registry.npm.taobao.org/fs-extra/download/fs-extra-4.0.3.tgz",
      "dependencies": {
        "graceful-fs": {
          "version": "http://registry.npm.taobao.org/graceful-fs/download/graceful-fs-4.1.11.tgz",
          "bundled": true
        },
        "jsonfile": {
          "version": "http://registry.npm.taobao.org/jsonfile/download/jsonfile-4.0.0.tgz",
          "bundled": true
        },
        "universalify": {
          "version": "http://registry.npm.taobao.org/universalify/download/universalify-0.1.2.tgz",
          "bundled": true
        }
      }
    },
    "get-paths": {
      "version": "0.0.2",
      "resolved": "http://registry.npm.taobao.org/get-paths/download/get-paths-0.0.2.tgz",
      "requires": {
        "fs-extra": "^4.0.2"
      },
      "dependencies": {
        "fs-extra": {
          "version": "http://registry.npm.taobao.org/fs-extra/download/fs-extra-4.0.3.tgz",
          "bundled": true
        }
      }
    },
    "http-assert": {
      "version": "1.3.0",
      "resolved": "http://registry.npm.taobao.org/http-assert/download/http-assert-1.3.0.tgz",
      "requires": {
        "deep-equal": "~1.0.1",
        "http-errors": "~1.6.1"
      },
      "dependencies": {
        "deep-equal": {
          "version": "http://registry.npm.taobao.org/deep-equal/download/deep-equal-1.0.1.tgz",
          "bundled": true
        },
        "http-errors": {
          "version": "1.6.3",
          "resolved": "http://registry.npm.taobao.org/http-errors/download/http-errors-1.6.3.tgz",
          "integrity": "sha1-i1VoC7S+KDoLW/TqLjhYC+HZMg0=",
          "requires": {
            "depd": "~1.1.2",
            "inherits": "2.0.3",
            "setprototypeof": "1.1.0",
            "statuses": ">= 1.4.0 < 2"
          }
        }
      }
    },
    "http-errors": {
      "version": "1.7.0",
      "resolved": "http://registry.npm.taobao.org/http-errors/download/http-errors-1.7.0.tgz",
      "requires": {
        "depd": "~1.1.2",
        "inherits": "2.0.3",
        "setprototypeof": "1.1.0",
        "statuses": ">= 1.5.0 < 2"
      },
      "dependencies": {
        "depd": {
          "version": "http://registry.npm.taobao.org/depd/download/depd-1.1.2.tgz",
          "bundled": true
        },
        "inherits": {
          "version": "http://registry.npm.taobao.org/inherits/download/inherits-2.0.3.tgz",
          "bundled": true
        },
        "setprototypeof": {
          "version": "http://registry.npm.taobao.org/setprototypeof/download/setprototypeof-1.1.0.tgz",
          "bundled": true
        },
        "statuses": {
          "version": "http://registry.npm.taobao.org/statuses/download/statuses-1.5.0.tgz",
          "bundled": true
        },
        "toidentifier": {
          "version": "http://registry.npm.taobao.org/toidentifier/download/toidentifier-1.0.0.tgz",
          "bundled": true
        }
      }
    },
    "inherits": {
      "version": "2.0.3",
      "resolved": "http://registry.npm.taobao.org/inherits/download/inherits-2.0.3.tgz"
    },
    "koa": {
      "version": "2.5.2",
      "resolved": "http://registry.npm.taobao.org/koa/download/koa-2.5.2.tgz",
      "integrity": "sha1-8r2n8+cL5Ukk5+XpeJokn3clb+M=",
      "requires": {
        "accepts": "^1.3.5",
        "cache-content-type": "^1.0.0",
        "content-disposition": "~0.5.2",
        "content-type": "^1.0.4",
        "cookies": "~0.7.1",
        "debug": "^3.1.0",
        "delegates": "^1.0.0",
        "depd": "^1.1.2",
        "destroy": "^1.0.4",
        "error-inject": "^1.0.0",
        "escape-html": "^1.0.3",
        "fresh": "~0.5.2",
        "http-assert": "^1.3.0",
        "http-errors": "^1.6.3",
        "is-generator-function": "^1.0.7",
        "koa-compose": "^4.1.0",
        "koa-convert": "^1.2.0",
        "koa-is-json": "^1.0.0",
        "on-finished": "^2.3.0",
        "only": "~0.0.2",
        "parseurl": "^1.3.2",
        "statuses": "^1.5.0",
        "type-is": "^1.6.16",
        "vary": "^1.1.2"
      },
      "dependencies": {
        "accepts": {
          "version": "1.3.5",
          "resolved": "http://registry.npm.taobao.org/accepts/download/accepts-1.3.5.tgz",
          "integrity": "sha1-63d99gEXI6OxTopywIBcjoZ0a9I=",
          "requires": {
            "mime-types": "~2.1.18",
            "negotiator": "0.6.1"
          }
        },
        "debug": {
          "version": "3.2.6",
          "resolved": "http://registry.npm.taobao.org/debug/download/debug-3.2.6.tgz",
          "integrity": "sha1-6D0X3hbYp++3cX7b5fsQE17uYps=",
          "requires": {
            "ms": "^2.1.1"
          }
        },
        "delegates": {
          "version": "1.0.0",
          "resolved": "http://registry.npm.taobao.org/delegates/download/delegates-1.0.0.tgz",
          "integrity": "sha1-hMbhWbgZBP3KWaDvRM2HDTElD5o="
        },
        "error-inject": {
          "version": "1.0.0",
          "resolved": "http://registry.npm.taobao.org/error-inject/download/error-inject-1.0.0.tgz",
          "integrity": "sha1-4rPZG1Su1nLzCdlQ0VSFD6EdTzc="
        },
        "is-generator-function": {
          "version": "1.0.7",
          "resolved": "http://registry.npm.taobao.org/is-generator-function/download/is-generator-function-1.0.7.tgz",
          "integrity": "sha1-0hMuUpuwAAp/gHlNS99c1eWBNSI="
        },
        "koa-is-json": {
          "version": "1.0.0",
          "resolved": "http://registry.npm.taobao.org/koa-is-json/download/koa-is-json-1.0.0.tgz",
          "integrity": "sha1-JzwH7c3Ljfaiwat9We52SRRR7BQ="
        },
        "mime-db": {
          "version": "1.35.0",
          "resolved": "http://registry.npm.taobao.org/mime-db/download/mime-db-1.35.0.tgz",
          "integrity": "sha1-BWnWV0ZkkSg3CWY603mpm5DZq0c="
        },
        "mime-types": {
          "version": "2.1.19",
          "resolved": "http://registry.npm.taobao.org/mime-types/download/mime-types-2.1.19.tgz",
          "integrity": "sha1-ceRkU3p++BwV8tudl+kT/A/2BvA=",
          "requires": {
            "mime-db": "~1.35.0"
          }
        },
        "ms": {
          "version": "2.1.1",
          "resolved": "http://registry.npm.taobao.org/ms/download/ms-2.1.1.tgz",
          "integrity": "sha1-MKWGTrPrsKZvLr5tcnrwagnYbgo="
        },
        "vary": {
          "version": "1.1.2",
          "resolved": "http://registry.npm.taobao.org/vary/download/vary-1.1.2.tgz",
          "integrity": "sha1-IpnwLG3tMNSllhsLn3RSShj2NPw="
        }
      }
    },
    "koa-art-template": {
      "version": "1.1.1",
      "resolved": "http://registry.npm.taobao.org/koa-art-template/download/koa-art-template-1.1.1.tgz",
      "integrity": "sha1-adDNkxVCmfDeEXBPK1An7AewQM8=",
      "requires": {
        "debug": "^2.6.1"
      },
      "dependencies": {
        "debug": {
          "version": "2.6.9",
          "resolved": "http://registry.npm.taobao.org/debug/download/debug-2.6.9.tgz",
          "integrity": "sha1-XRKFFd8TT/Mn6QpMk/Tgd6U2NB8=",
          "requires": {
            "ms": "2.0.0"
          }
        },
        "ms": {
          "version": "2.0.0",
          "resolved": "http://registry.npm.taobao.org/ms/download/ms-2.0.0.tgz",
          "integrity": "sha1-VgiurfwAvmwpAd9fmGF4jeDVl8g="
        }
      }
    },
    "koa-bodyparser": {
      "version": "4.2.1",
      "resolved": "http://registry.npm.taobao.org/koa-bodyparser/download/koa-bodyparser-4.2.1.tgz",
      "dependencies": {
        "co-body": {
          "version": "http://registry.npm.taobao.org/co-body/download/co-body-6.0.0.tgz",
          "bundled": true,
          "dependencies": {
            "inflation": {
              "version": "http://registry.npm.taobao.org/inflation/download/inflation-2.0.0.tgz",
              "bundled": true
            },
            "qs": {
              "version": "http://registry.npm.taobao.org/qs/download/qs-6.5.2.tgz",
              "bundled": true
            },
            "raw-body": {
              "version": "http://registry.npm.taobao.org/raw-body/download/raw-body-2.3.3.tgz",
              "bundled": true
            },
            "type-is": {
              "version": "http://registry.npm.taobao.org/type-is/download/type-is-1.6.16.tgz",
              "bundled": true
            }
          }
        },
        "copy-to": {
          "version": "http://registry.npm.taobao.org/copy-to/download/copy-to-2.0.1.tgz",
          "bundled": true
        }
      }
    },
    "koa-compose": {
      "version": "4.1.0",
      "resolved": "http://registry.npm.taobao.org/koa-compose/download/koa-compose-4.1.0.tgz"
    },
    "koa-convert": {
      "version": "1.2.0",
      "resolved": "http://registry.npm.taobao.org/koa-convert/download/koa-convert-1.2.0.tgz",
      "requires": {
        "co": "^4.6.0",
        "koa-compose": "^3.0.0"
      },
      "dependencies": {
        "co": {
          "version": "http://registry.npm.taobao.org/co/download/co-4.6.0.tgz",
          "bundled": true
        },
        "koa-compose": {
          "version": "3.2.1",
          "resolved": "http://registry.npm.taobao.org/koa-compose/download/koa-compose-3.2.1.tgz",
          "integrity": "sha1-qFzLQLfZhtjlo0Wzoazo6rz1Tec=",
          "requires": {
            "any-promise": "^1.1.0"
          }
        }
      }
    },
    "koa-router": {
      "version": "7.4.0",
      "resolved": "http://registry.npm.taobao.org/koa-router/download/koa-router-7.4.0.tgz",
      "requires": {
        "debug": "^3.1.0",
        "http-errors": "^1.3.1"
      },
      "dependencies": {
        "debug": {
          "version": "http://registry.npm.taobao.org/debug/download/debug-3.2.6.tgz",
          "bundled": true,
          "dependencies": {
            "ms": {
              "version": "http://registry.npm.taobao.org/ms/download/ms-2.1.1.tgz"
            }
          }
        },
        "http-errors": {
          "version": "http://registry.npm.taobao.org/http-errors/download/http-errors-1.7.1.tgz",
          "bundled": true,
          "dependencies": {
            "depd": {
              "version": "http://registry.npm.taobao.org/depd/download/depd-1.1.2.tgz"
            },
            "inherits": {
              "version": "http://registry.npm.taobao.org/inherits/download/inherits-2.0.3.tgz"
            },
            "setprototypeof": {
              "version": "http://registry.npm.taobao.org/setprototypeof/download/setprototypeof-1.1.0.tgz"
            },
            "statuses": {
              "version": "http://registry.npm.taobao.org/statuses/download/statuses-1.5.0.tgz"
            },
            "toidentifier": {
              "version": "http://registry.npm.taobao.org/toidentifier/download/toidentifier-1.0.0.tgz"
            }
          }
        },
        "koa-compose": {
          "version": "http://registry.npm.taobao.org/koa-compose/download/koa-compose-3.2.1.tgz",
          "bundled": true
        },
        "methods": {
          "version": "http://registry.npm.taobao.org/methods/download/methods-1.1.2.tgz",
          "bundled": true
        },
        "path-to-regexp": {
          "version": "http://registry.npm.taobao.org/path-to-regexp/download/path-to-regexp-1.7.0.tgz",
          "bundled": true
        },
        "urijs": {
          "version": "http://registry.npm.taobao.org/urijs/download/urijs-1.19.1.tgz",
          "bundled": true
        }
      }
    },
    "koa-send": {
      "version": "4.1.3",
      "resolved": "http://registry.npm.taobao.org/koa-send/download/koa-send-4.1.3.tgz",
      "requires": {
        "debug": "^2.6.3",
        "http-errors": "^1.6.1",
        "mz": "^2.6.0"
      },
      "dependencies": {
        "debug": {
          "version": "2.6.9",
          "resolved": "http://registry.npm.taobao.org/debug/download/debug-2.6.9.tgz",
          "integrity": "sha1-XRKFFd8TT/Mn6QpMk/Tgd6U2NB8=",
          "requires": {
            "ms": "2.0.0"
          }
        },
        "http-errors": {
          "version": "http://registry.npm.taobao.org/http-errors/download/http-errors-1.7.1.tgz",
          "bundled": true
        },
        "mz": {
          "version": "http://registry.npm.taobao.org/mz/download/mz-2.7.0.tgz",
          "bundled": true,
          "dependencies": {
            "any-promise": {
              "version": "http://registry.npm.taobao.org/any-promise/download/any-promise-1.3.0.tgz",
              "bundled": true
            },
            "object-assign": {
              "version": "http://registry.npm.taobao.org/object-assign/download/object-assign-4.1.1.tgz",
              "bundled": true
            },
            "thenify-all": {
              "version": "http://registry.npm.taobao.org/thenify-all/download/thenify-all-1.6.0.tgz",
              "bundled": true
            }
          }
        },
        "resolve-path": {
          "version": "http://registry.npm.taobao.org/resolve-path/download/resolve-path-1.4.0.tgz",
          "bundled": true,
          "dependencies": {
            "http-errors": {
              "version": "http://registry.npm.taobao.org/http-errors/download/http-errors-1.6.3.tgz",
              "dependencies": {
                "depd": {
                  "version": "http://registry.npm.taobao.org/depd/download/depd-1.1.2.tgz"
                },
                "inherits": {
                  "version": "http://registry.npm.taobao.org/inherits/download/inherits-2.0.3.tgz"
                },
                "setprototypeof": {
                  "version": "http://registry.npm.taobao.org/setprototypeof/download/setprototypeof-1.1.0.tgz"
                },
                "statuses": {
                  "version": "http://registry.npm.taobao.org/statuses/download/statuses-1.5.0.tgz"
                }
              }
            },
            "path-is-absolute": {
              "version": "http://registry.npm.taobao.org/path-is-absolute/download/path-is-absolute-1.0.1.tgz"
            }
          }
        }
      }
    },
    "koa-static": {
      "version": "5.0.0",
      "resolved": "http://registry.npm.taobao.org/koa-static/download/koa-static-5.0.0.tgz",
      "integrity": "sha1-XpL8lrU3rVIZ9CUxnJW2R3J3aUM=",
      "requires": {
        "debug": "^3.1.0",
        "koa-send": "^5.0.0"
      },
      "dependencies": {
        "debug": {
          "version": "3.1.0",
          "resolved": "http://registry.npm.taobao.org/debug/download/debug-3.1.0.tgz",
          "integrity": "sha1-W7WgZyYotkFJVmuhaBnmFRjGcmE=",
          "requires": {
            "ms": "2.0.0"
          }
        },
        "koa-send": {
          "version": "5.0.0",
          "resolved": "http://registry.npm.taobao.org/koa-send/download/koa-send-5.0.0.tgz",
          "integrity": "sha1-XoRB4H71VzdzTXztJbhC5QZG5+s=",
          "requires": {
            "debug": "^3.1.0",
            "http-errors": "^1.6.3",
            "mz": "^2.7.0",
            "resolve-path": "^1.4.0"
          }
        },
        "path-is-absolute": {
          "version": "1.0.1",
          "resolved": "http://registry.npm.taobao.org/path-is-absolute/download/path-is-absolute-1.0.1.tgz",
          "integrity": "sha1-F0uSaHNVNP+8es5r9TpanhtcX18="
        },
        "resolve-path": {
          "version": "1.4.0",
          "resolved": "http://registry.npm.taobao.org/resolve-path/download/resolve-path-1.4.0.tgz",
          "integrity": "sha1-xL2p9e+y/OZSR4c6s2u02DT+Fvc=",
          "requires": {
            "http-errors": "~1.6.2",
            "path-is-absolute": "1.0.1"
          },
          "dependencies": {
            "http-errors": {
              "version": "1.6.3",
              "resolved": "http://registry.npm.taobao.org/http-errors/download/http-errors-1.6.3.tgz",
              "integrity": "sha1-i1VoC7S+KDoLW/TqLjhYC+HZMg0=",
              "requires": {
                "depd": "~1.1.2",
                "inherits": "2.0.3",
                "setprototypeof": "1.1.0",
                "statuses": ">= 1.4.0 < 2"
              }
            }
          }
        }
      }
    },
    "koa-views": {
      "version": "6.1.4",
      "resolved": "http://registry.npm.taobao.org/koa-views/download/koa-views-6.1.4.tgz",
      "integrity": "sha1-WV62g8oX2N+qHRALQrpONMdiFU0=",
      "requires": {
        "consolidate": "^0.15.0",
        "debug": "^3.1.0",
        "get-paths": "^0.0.2",
        "koa-send": "^4.0.0",
        "mz": "^2.4.0",
        "pretty": "^2.0.0"
      },
      "dependencies": {
        "consolidate": {
          "version": "0.15.1",
          "resolved": "http://registry.npm.taobao.org/consolidate/download/consolidate-0.15.1.tgz",
          "integrity": "sha1-IasEMjXHGgfUXZqtmFk7DbpWurc=",
          "requires": {
            "bluebird": "^3.1.1"
          }
        }
      }
    },
    "mongodb": {
      "version": "3.1.6",
      "resolved": "http://registry.npm.taobao.org/mongodb/download/mongodb-3.1.6.tgz",
      "integrity": "sha1-YFRkGXO1v1ta4cZ9y8+PqIKAJz0=",
      "requires": {
        "mongodb-core": "3.1.5",
        "safe-buffer": "^5.1.2"
      },
      "dependencies": {
        "safe-buffer": {
          "version": "5.1.2",
          "resolved": "http://registry.npm.taobao.org/safe-buffer/download/safe-buffer-5.1.2.tgz",
          "integrity": "sha1-mR7GnSluAxN0fVm9/St0XDX4go0="
        }
      }
    },
    "mongodb-core": {
      "version": "3.1.5",
      "resolved": "http://registry.npm.taobao.org/mongodb-core/download/mongodb-core-3.1.5.tgz",
      "dependencies": {
        "bson": {
          "version": "http://registry.npm.taobao.org/bson/download/bson-1.1.0.tgz",
          "bundled": true
        },
        "require_optional": {
          "version": "http://registry.npm.taobao.org/require_optional/download/require_optional-1.0.1.tgz",
          "bundled": true
        },
        "safe-buffer": {
          "version": "http://registry.npm.taobao.org/safe-buffer/download/safe-buffer-5.1.2.tgz",
          "bundled": true
        },
        "saslprep": {
          "version": "http://registry.npm.taobao.org/saslprep/download/saslprep-1.0.2.tgz",
          "bundled": true
        }
      }
    },
    "ms": {
      "version": "2.0.0",
      "resolved": "http://registry.npm.taobao.org/ms/download/ms-2.0.0.tgz"
    },
    "mz": {
      "version": "2.7.0",
      "resolved": "http://registry.npm.taobao.org/mz/download/mz-2.7.0.tgz",
      "requires": {
        "any-promise": "^1.0.0"
      },
      "dependencies": {
        "any-promise": {
          "version": "http://registry.npm.taobao.org/any-promise/download/any-promise-1.3.0.tgz",
          "bundled": true
        },
        "object-assign": {
          "version": "http://registry.npm.taobao.org/object-assign/download/object-assign-4.1.1.tgz",
          "bundled": true
        },
        "thenify-all": {
          "version": "http://registry.npm.taobao.org/thenify-all/download/thenify-all-1.6.0.tgz",
          "bundled": true
        }
      }
    },
    "negotiator": {
      "version": "0.6.1",
      "resolved": "http://registry.npm.taobao.org/negotiator/download/negotiator-0.6.1.tgz"
    },
    "on-finished": {
      "version": "2.3.0",
      "resolved": "http://registry.npm.taobao.org/on-finished/download/on-finished-2.3.0.tgz",
      "dependencies": {
        "ee-first": {
          "version": "http://registry.npm.taobao.org/ee-first/download/ee-first-1.1.1.tgz",
          "bundled": true
        }
      }
    },
    "only": {
      "version": "0.0.2",
      "resolved": "http://registry.npm.taobao.org/only/download/only-0.0.2.tgz"
    },
    "parseurl": {
      "version": "1.3.2",
      "resolved": "http://registry.npm.taobao.org/parseurl/download/parseurl-1.3.2.tgz"
    },
    "pretty": {
      "version": "2.0.0",
      "resolved": "http://registry.npm.taobao.org/pretty/download/pretty-2.0.0.tgz",
      "requires": {
        "condense-newlines": "^0.2.1",
        "extend-shallow": "^2.0.1"
      },
      "dependencies": {
        "condense-newlines": {
          "version": "http://registry.npm.taobao.org/condense-newlines/download/condense-newlines-0.2.1.tgz",
          "bundled": true
        },
        "extend-shallow": {
          "version": "http://registry.npm.taobao.org/extend-shallow/download/extend-shallow-2.0.1.tgz",
          "bundled": true,
          "dependencies": {
            "is-extendable": {
              "version": "http://registry.npm.taobao.org/is-extendable/download/is-extendable-0.1.1.tgz",
              "bundled": true
            }
          }
        },
        "js-beautify": {
          "version": "http://registry.npm.taobao.org/js-beautify/download/js-beautify-1.8.8.tgz",
          "bundled": true
        }
      }
    },
    "setprototypeof": {
      "version": "1.1.0",
      "resolved": "http://registry.npm.taobao.org/setprototypeof/download/setprototypeof-1.1.0.tgz"
    },
    "statuses": {
      "version": "1.5.0",
      "resolved": "http://registry.npm.taobao.org/statuses/download/statuses-1.5.0.tgz"
    },
    "type-is": {
      "version": "1.6.16",
      "resolved": "http://registry.npm.taobao.org/type-is/download/type-is-1.6.16.tgz",
      "dependencies": {
        "media-typer": {
          "version": "http://registry.npm.taobao.org/media-typer/download/media-typer-0.3.0.tgz",
          "bundled": true
        },
        "mime-types": {
          "version": "http://registry.npm.taobao.org/mime-types/download/mime-types-2.1.19.tgz",
          "bundled": true,
          "dependencies": {
            "mime-db": {
              "version": "http://registry.npm.taobao.org/mime-db/download/mime-db-1.35.0.tgz"
            }
          }
        }
      }
    }
  }
}
